
Microsoft Visual Studio Solution File, Format Version 12.00
# Visual Studio 15
VisualStudioVersion = 15.0.27004.2010
MinimumVisualStudioVersion = 10.0.40219.1
Project("{FAE04EC0-301F-11D3-BF4B-00C04F79EFBC}") = "DataModelCodeFirst", "DataModelCodeFirst\DataModelCodeFirst.csproj", "{10CCA7D5-711D-4E34-8497-0CBDA5385492}"
EndProject
Project("{FAE04EC0-301F-11D3-BF4B-00C04F79EFBC}") = "WebApp", "WebApp\WebApp.csproj", "{5194FE3E-AF87-4733-A76E-E67158D6BE97}"
EndProject
Project("{FAE04EC0-301F-11D3-BF4B-00C04F79EFBC}") = "Repository", "Repository\Repository.csproj", "{6E6BC3C4-0D65-48D4-84C4-4A6961B54122}"
EndProject
Global
	GlobalSection(SolutionConfigurationPlatforms) = preSolution
		Debug|Any CPU = Debug|Any CPU
		Release|Any CPU = Release|Any CPU
	EndGlobalSection
	GlobalSection(ProjectConfigurationPlatforms) = postSolution
		{10CCA7D5-711D-4E34-8497-0CBDA5385492}.Debug|Any CPU.ActiveCfg = Debug|Any CPU
		{10CCA7D5-711D-4E34-8497-0CBDA5385492}.Debug|Any CPU.Build.0 = Debug|Any CPU
		{10CCA7D5-711D-4E34-8497-0CBDA5385492}.Release|Any CPU.ActiveCfg = Release|Any CPU
		{10CCA7D5-711D-4E34-8497-0CBDA5385492}.Release|Any CPU.Build.0 = Release|Any CPU
		{5194FE3E-AF87-4733-A76E-E67158D6BE97}.Debug|Any CPU.ActiveCfg = Debug|Any CPU
		{5194FE3E-AF87-4733-A76E-E67158D6BE97}.Debug|Any CPU.Build.0 = Debug|Any CPU
		{5194FE3E-AF87-4733-A76E-E67158D6BE97}.Release|Any CPU.ActiveCfg = Release|Any CPU
		{5194FE3E-AF87-4733-A76E-E67158D6BE97}.Release|Any CPU.Build.0 = Release|Any CPU
		{6E6BC3C4-0D65-48D4-84C4-4A6961B54122}.Debug|Any CPU.ActiveCfg = Debug|Any CPU
		{6E6BC3C4-0D65-48D4-84C4-4A6961B54122}.Debug|Any CPU.Build.0 = Debug|Any CPU
		{6E6BC3C4-0D65-48D4-84C4-4A6961B54122}.Release|Any CPU.ActiveCfg = Release|Any CPU
		{6E6BC3C4-0D65-48D4-84C4-4A6961B54122}.Release|Any CPU.Build.0 = Release|Any CPU
	EndGlobalSection
	GlobalSection(SolutionProperties) = preSolution
		HideSolutionNode = FALSE
	EndGlobalSection
	GlobalSection(ExtensibilityGlobals) = postSolution
		SolutionGuid = {98F35F11-9E76-475B-8404-D2BD2E8F80B0}
	EndGlobalSection
EndGlobal
